
Microsoft Visual Studio Solution File, Format Version 12.00
# Visual Studio Version 17
VisualStudioVersion = 17.0.32112.339
MinimumVisualStudioVersion = 10.0.40219.1
Project("{9A19103F-16F7-4668-BE54-9A1E7A4F7556}") = "kiosko", "kiosko\kiosko.csproj", "{2B42AD67-8642-4283-B3AC-063F04C9E21E}"
EndProject
Global
	GlobalSection(SolutionConfigurationPlatforms) = preSolution
		Debug|Any CPU = Debug|Any CPU
		Release|Any CPU = Release|Any CPU
	EndGlobalSection
	GlobalSection(ProjectConfigurationPlatforms) = postSolution
		{2B42AD67-8642-4283-B3AC-063F04C9E21E}.Debug|Any CPU.ActiveCfg = Debug|Any CPU
		{2B42AD67-8642-4283-B3AC-063F04C9E21E}.Debug|Any CPU.Build.0 = Debug|Any CPU
		{2B42AD67-8642-4283-B3AC-063F04C9E21E}.Release|Any CPU.ActiveCfg = Debug|Any CPU
		{2B42AD67-8642-4283-B3AC-063F04C9E21E}.Release|Any CPU.Build.0 = Debug|Any CPU
	EndGlobalSection
	GlobalSection(SolutionProperties) = preSolution
		HideSolutionNode = FALSE
	EndGlobalSection
	GlobalSection(ExtensibilityGlobals) = postSolution
		SolutionGuid = {3FB9ABE7-CBB9-4555-A12E-35412ED43829}
	EndGlobalSection
EndGlobal
